
Microsoft Visual Studio Solution File, Format Version 12.00
# Visual Studio Version 17
VisualStudioVersion = 17.8.34316.72
MinimumVisualStudioVersion = 10.0.40219.1
Project("{9A19103F-16F7-4668-BE54-9A1E7A4F7556}") = "01.DefineAClassPerson", "01.DefineAClassPerson\01.DefineAClassPerson.csproj", "{F813AAFD-5A30-421B-A20C-1155DC5D606B}"
EndProject
Project("{9A19103F-16F7-4668-BE54-9A1E7A4F7556}") = "02.CreatingConstructors", "02.CreatingConstructors\02.CreatingConstructors.csproj", "{4FC7DC5C-EF09-4FA5-8239-22DEF37A9777}"
EndProject
Project("{9A19103F-16F7-4668-BE54-9A1E7A4F7556}") = "03.OldestFamilyMember", "03.OldestFamilyMember\03.OldestFamilyMember.csproj", "{8FD75823-52BE-45D8-B697-83DA3936D871}"
EndProject
Project("{9A19103F-16F7-4668-BE54-9A1E7A4F7556}") = "04.OpinionPoll", "04.OpinionPoll\04.OpinionPoll.csproj", "{98BC3EED-4076-4CC3-B240-F6BB608C7105}"
EndProject
Project("{9A19103F-16F7-4668-BE54-9A1E7A4F7556}") = "05.DateModifier", "05.DateModifier\05.DateModifier.csproj", "{DF4BEB9E-3043-4B1C-928C-084E408FA256}"
EndProject
Project("{9A19103F-16F7-4668-BE54-9A1E7A4F7556}") = "10.SoftUniParking", "10.SoftUniParking\10.SoftUniParking.csproj", "{60276156-343D-43AD-AA6B-3BFD5A6828B5}"
EndProject
Project("{FAE04EC0-301F-11D3-BF4B-00C04F79EFBC}") = "06.SpeedRacing", "06.SpeedRacing\06.SpeedRacing.csproj", "{8CC62F96-5C02-4C5D-B982-A236C3D292AC}"
EndProject
Project("{FAE04EC0-301F-11D3-BF4B-00C04F79EFBC}") = "07.RawData", "07.RawData\07.RawData.csproj", "{C98FCF1D-84F8-4974-8D57-95BACEC90369}"
EndProject
Project("{FAE04EC0-301F-11D3-BF4B-00C04F79EFBC}") = "08.CarSalesman", "08.CarSalesman\08.CarSalesman.csproj", "{529B7D7C-7F6E-4DE1-82D5-01DE5B61925F}"
EndProject
Project("{FAE04EC0-301F-11D3-BF4B-00C04F79EFBC}") = "09.PokemonTrainer", "09.PokemonTrainer\09.PokemonTrainer.csproj", "{8B67ADDD-929F-4C6F-8C40-D55F3BB51393}"
EndProject
Global
	GlobalSection(SolutionConfigurationPlatforms) = preSolution
		Debug|Any CPU = Debug|Any CPU
		Release|Any CPU = Release|Any CPU
	EndGlobalSection
	GlobalSection(ProjectConfigurationPlatforms) = postSolution
		{F813AAFD-5A30-421B-A20C-1155DC5D606B}.Debug|Any CPU.ActiveCfg = Debug|Any CPU
		{F813AAFD-5A30-421B-A20C-1155DC5D606B}.Debug|Any CPU.Build.0 = Debug|Any CPU
		{F813AAFD-5A30-421B-A20C-1155DC5D606B}.Release|Any CPU.ActiveCfg = Release|Any CPU
		{F813AAFD-5A30-421B-A20C-1155DC5D606B}.Release|Any CPU.Build.0 = Release|Any CPU
		{4FC7DC5C-EF09-4FA5-8239-22DEF37A9777}.Debug|Any CPU.ActiveCfg = Debug|Any CPU
		{4FC7DC5C-EF09-4FA5-8239-22DEF37A9777}.Debug|Any CPU.Build.0 = Debug|Any CPU
		{4FC7DC5C-EF09-4FA5-8239-22DEF37A9777}.Release|Any CPU.ActiveCfg = Release|Any CPU
		{4FC7DC5C-EF09-4FA5-8239-22DEF37A9777}.Release|Any CPU.Build.0 = Release|Any CPU
		{8FD75823-52BE-45D8-B697-83DA3936D871}.Debug|Any CPU.ActiveCfg = Debug|Any CPU
		{8FD75823-52BE-45D8-B697-83DA3936D871}.Debug|Any CPU.Build.0 = Debug|Any CPU
		{8FD75823-52BE-45D8-B697-83DA3936D871}.Release|Any CPU.ActiveCfg = Release|Any CPU
		{8FD75823-52BE-45D8-B697-83DA3936D871}.Release|Any CPU.Build.0 = Release|Any CPU
		{98BC3EED-4076-4CC3-B240-F6BB608C7105}.Debug|Any CPU.ActiveCfg = Debug|Any CPU
		{98BC3EED-4076-4CC3-B240-F6BB608C7105}.Debug|Any CPU.Build.0 = Debug|Any CPU
		{98BC3EED-4076-4CC3-B240-F6BB608C7105}.Release|Any CPU.ActiveCfg = Release|Any CPU
		{98BC3EED-4076-4CC3-B240-F6BB608C7105}.Release|Any CPU.Build.0 = Release|Any CPU
		{DF4BEB9E-3043-4B1C-928C-084E408FA256}.Debug|Any CPU.ActiveCfg = Debug|Any CPU
		{DF4BEB9E-3043-4B1C-928C-084E408FA256}.Debug|Any CPU.Build.0 = Debug|Any CPU
		{DF4BEB9E-3043-4B1C-928C-084E408FA256}.Release|Any CPU.ActiveCfg = Release|Any CPU
		{DF4BEB9E-3043-4B1C-928C-084E408FA256}.Release|Any CPU.Build.0 = Release|Any CPU
		{60276156-343D-43AD-AA6B-3BFD5A6828B5}.Debug|Any CPU.ActiveCfg = Debug|Any CPU
		{60276156-343D-43AD-AA6B-3BFD5A6828B5}.Debug|Any CPU.Build.0 = Debug|Any CPU
		{60276156-343D-43AD-AA6B-3BFD5A6828B5}.Release|Any CPU.ActiveCfg = Release|Any CPU
		{60276156-343D-43AD-AA6B-3BFD5A6828B5}.Release|Any CPU.Build.0 = Release|Any CPU
		{8CC62F96-5C02-4C5D-B982-A236C3D292AC}.Debug|Any CPU.ActiveCfg = Debug|Any CPU
		{8CC62F96-5C02-4C5D-B982-A236C3D292AC}.Debug|Any CPU.Build.0 = Debug|Any CPU
		{8CC62F96-5C02-4C5D-B982-A236C3D292AC}.Release|Any CPU.ActiveCfg = Release|Any CPU
		{8CC62F96-5C02-4C5D-B982-A236C3D292AC}.Release|Any CPU.Build.0 = Release|Any CPU
		{C98FCF1D-84F8-4974-8D57-95BACEC90369}.Debug|Any CPU.ActiveCfg = Debug|Any CPU
		{C98FCF1D-84F8-4974-8D57-95BACEC90369}.Debug|Any CPU.Build.0 = Debug|Any CPU
		{C98FCF1D-84F8-4974-8D57-95BACEC90369}.Release|Any CPU.ActiveCfg = Release|Any CPU
		{C98FCF1D-84F8-4974-8D57-95BACEC90369}.Release|Any CPU.Build.0 = Release|Any CPU
		{529B7D7C-7F6E-4DE1-82D5-01DE5B61925F}.Debug|Any CPU.ActiveCfg = Debug|Any CPU
		{529B7D7C-7F6E-4DE1-82D5-01DE5B61925F}.Debug|Any CPU.Build.0 = Debug|Any CPU
		{529B7D7C-7F6E-4DE1-82D5-01DE5B61925F}.Release|Any CPU.ActiveCfg = Release|Any CPU
		{529B7D7C-7F6E-4DE1-82D5-01DE5B61925F}.Release|Any CPU.Build.0 = Release|Any CPU
		{8B67ADDD-929F-4C6F-8C40-D55F3BB51393}.Debug|Any CPU.ActiveCfg = Debug|Any CPU
		{8B67ADDD-929F-4C6F-8C40-D55F3BB51393}.Debug|Any CPU.Build.0 = Debug|Any CPU
		{8B67ADDD-929F-4C6F-8C40-D55F3BB51393}.Release|Any CPU.ActiveCfg = Release|Any CPU
		{8B67ADDD-929F-4C6F-8C40-D55F3BB51393}.Release|Any CPU.Build.0 = Release|Any CPU
	EndGlobalSection
	GlobalSection(SolutionProperties) = preSolution
		HideSolutionNode = FALSE
	EndGlobalSection
	GlobalSection(ExtensibilityGlobals) = postSolution
		SolutionGuid = {36F7565A-68D4-480E-B14A-A8DA8282DF01}
	EndGlobalSection
EndGlobal
