
Microsoft Visual Studio Solution File, Format Version 12.00
# Visual Studio Version 17
VisualStudioVersion = 17.8.34316.72
MinimumVisualStudioVersion = 10.0.40219.1
Project("{FAE04EC0-301F-11D3-BF4B-00C04F79EFBC}") = "01.Library", "01.Library\01.Library.csproj", "{1499CA37-2C5E-4040-B863-84E297068810}"
EndProject
Project("{FAE04EC0-301F-11D3-BF4B-00C04F79EFBC}") = "02.LibraryIterator", "02.LibraryIterator\02.LibraryIterator.csproj", "{57E82187-6329-4C75-AE9A-6026AE062EF6}"
EndProject
Project("{FAE04EC0-301F-11D3-BF4B-00C04F79EFBC}") = "03.ComparableBook", "03.ComparableBook\03.ComparableBook.csproj", "{B63701F1-AE26-42BB-85E7-0BD5E456863C}"
EndProject
Project("{FAE04EC0-301F-11D3-BF4B-00C04F79EFBC}") = "04.BookComparer", "04.BookComparer\04.BookComparer.csproj", "{561CBC45-3F2B-4B38-866F-71393497ED8D}"
EndProject
Global
	GlobalSection(SolutionConfigurationPlatforms) = preSolution
		Debug|Any CPU = Debug|Any CPU
		Release|Any CPU = Release|Any CPU
	EndGlobalSection
	GlobalSection(ProjectConfigurationPlatforms) = postSolution
		{1499CA37-2C5E-4040-B863-84E297068810}.Debug|Any CPU.ActiveCfg = Debug|Any CPU
		{1499CA37-2C5E-4040-B863-84E297068810}.Debug|Any CPU.Build.0 = Debug|Any CPU
		{1499CA37-2C5E-4040-B863-84E297068810}.Release|Any CPU.ActiveCfg = Release|Any CPU
		{1499CA37-2C5E-4040-B863-84E297068810}.Release|Any CPU.Build.0 = Release|Any CPU
		{57E82187-6329-4C75-AE9A-6026AE062EF6}.Debug|Any CPU.ActiveCfg = Debug|Any CPU
		{57E82187-6329-4C75-AE9A-6026AE062EF6}.Debug|Any CPU.Build.0 = Debug|Any CPU
		{57E82187-6329-4C75-AE9A-6026AE062EF6}.Release|Any CPU.ActiveCfg = Release|Any CPU
		{57E82187-6329-4C75-AE9A-6026AE062EF6}.Release|Any CPU.Build.0 = Release|Any CPU
		{B63701F1-AE26-42BB-85E7-0BD5E456863C}.Debug|Any CPU.ActiveCfg = Debug|Any CPU
		{B63701F1-AE26-42BB-85E7-0BD5E456863C}.Debug|Any CPU.Build.0 = Debug|Any CPU
		{B63701F1-AE26-42BB-85E7-0BD5E456863C}.Release|Any CPU.ActiveCfg = Release|Any CPU
		{B63701F1-AE26-42BB-85E7-0BD5E456863C}.Release|Any CPU.Build.0 = Release|Any CPU
		{561CBC45-3F2B-4B38-866F-71393497ED8D}.Debug|Any CPU.ActiveCfg = Debug|Any CPU
		{561CBC45-3F2B-4B38-866F-71393497ED8D}.Debug|Any CPU.Build.0 = Debug|Any CPU
		{561CBC45-3F2B-4B38-866F-71393497ED8D}.Release|Any CPU.ActiveCfg = Release|Any CPU
		{561CBC45-3F2B-4B38-866F-71393497ED8D}.Release|Any CPU.Build.0 = Release|Any CPU
	EndGlobalSection
	GlobalSection(SolutionProperties) = preSolution
		HideSolutionNode = FALSE
	EndGlobalSection
	GlobalSection(ExtensibilityGlobals) = postSolution
		SolutionGuid = {C1020AE2-519C-4F94-8119-8FEF8D71051A}
	EndGlobalSection
EndGlobal
