
Microsoft Visual Studio Solution File, Format Version 12.00
# Visual Studio Version 17
VisualStudioVersion = 17.8.34316.72
MinimumVisualStudioVersion = 10.0.40219.1
Project("{9A19103F-16F7-4668-BE54-9A1E7A4F7556}") = "01.MathOperations", "01.MathOperations\01.MathOperations.csproj", "{4FF6B4FD-B4BE-487D-BAC6-CCEC19195314}"
EndProject
Project("{9A19103F-16F7-4668-BE54-9A1E7A4F7556}") = "02.Animals", "02.Animals\02.Animals.csproj", "{EB901095-D257-4E8A-8836-BE5D56C7847A}"
EndProject
Project("{FAE04EC0-301F-11D3-BF4B-00C04F79EFBC}") = "03.Shapes", "03.Shapes\03.Shapes.csproj", "{69086FDA-8229-4E89-86BD-9AFF41EE0FE4}"
EndProject
Global
	GlobalSection(SolutionConfigurationPlatforms) = preSolution
		Debug|Any CPU = Debug|Any CPU
		Release|Any CPU = Release|Any CPU
	EndGlobalSection
	GlobalSection(ProjectConfigurationPlatforms) = postSolution
		{4FF6B4FD-B4BE-487D-BAC6-CCEC19195314}.Debug|Any CPU.ActiveCfg = Debug|Any CPU
		{4FF6B4FD-B4BE-487D-BAC6-CCEC19195314}.Debug|Any CPU.Build.0 = Debug|Any CPU
		{4FF6B4FD-B4BE-487D-BAC6-CCEC19195314}.Release|Any CPU.ActiveCfg = Release|Any CPU
		{4FF6B4FD-B4BE-487D-BAC6-CCEC19195314}.Release|Any CPU.Build.0 = Release|Any CPU
		{EB901095-D257-4E8A-8836-BE5D56C7847A}.Debug|Any CPU.ActiveCfg = Debug|Any CPU
		{EB901095-D257-4E8A-8836-BE5D56C7847A}.Debug|Any CPU.Build.0 = Debug|Any CPU
		{EB901095-D257-4E8A-8836-BE5D56C7847A}.Release|Any CPU.ActiveCfg = Release|Any CPU
		{EB901095-D257-4E8A-8836-BE5D56C7847A}.Release|Any CPU.Build.0 = Release|Any CPU
		{69086FDA-8229-4E89-86BD-9AFF41EE0FE4}.Debug|Any CPU.ActiveCfg = Debug|Any CPU
		{69086FDA-8229-4E89-86BD-9AFF41EE0FE4}.Debug|Any CPU.Build.0 = Debug|Any CPU
		{69086FDA-8229-4E89-86BD-9AFF41EE0FE4}.Release|Any CPU.ActiveCfg = Release|Any CPU
		{69086FDA-8229-4E89-86BD-9AFF41EE0FE4}.Release|Any CPU.Build.0 = Release|Any CPU
	EndGlobalSection
	GlobalSection(SolutionProperties) = preSolution
		HideSolutionNode = FALSE
	EndGlobalSection
	GlobalSection(ExtensibilityGlobals) = postSolution
		SolutionGuid = {58D7CFAE-E637-43BF-BC71-9F727ED5BD07}
	EndGlobalSection
EndGlobal
